{
  "name": "room.js-client",
  "version": "2.0.0",
  "dependencies": {
    "ansi_up": {
      "version": "1.3.0",
      "from": "ansi_up@>=1.3.0 <2.0.0",
      "resolved": "https://registry.npmjs.org/ansi_up/-/ansi_up-1.3.0.tgz"
    },
    "knockout": {
      "version": "3.4.0",
      "from": "knockout@latest",
      "resolved": "https://registry.npmjs.org/knockout/-/knockout-3.4.0.tgz"
    }
  }
}
